{
  "name": "vuejs-typescript",
  "version": "1.0.0",
  "lockfileVersion": 1,
  "requires": true,
  "dependencies": {
    "vue": {
      "version": "2.6.10",
      "resolved": "https://registry.npmjs.org/vue/-/vue-2.6.10.tgz",
      "integrity": "sha512-ImThpeNU9HbdZL3utgMCq0oiMzAkt1mcgy3/E6zWC/G6AaQoeuFdsl9nDhTDU3X1R6FK7nsIUuRACVcjI+A2GQ=="
    },
    "vue-class-component": {
      "version": "7.1.0",
      "resolved": "https://registry.npmjs.org/vue-class-component/-/vue-class-component-7.1.0.tgz",
      "integrity": "sha512-G9152NzUkz0i0xTfhk0Afc8vzdXxDR1pfN4dTwE72cskkgJtdXfrKBkMfGvDuxUh35U500g5Ve4xL8PEGdWeHg=="
    },
    "vue-property-decorator": {
      "version": "8.1.1",
      "resolved": "https://registry.npmjs.org/vue-property-decorator/-/vue-property-decorator-8.1.1.tgz",
      "integrity": "sha512-K+PUT17ZEMWyhrKZnl4Fc9qMyFpMcjVbZJBwx4BpA8BXfaspaTeFdoHuk1aywC/+4G86sxIr/5n4IQUQLecSWw==",
      "requires": {
        "vue-class-component": "^7.0.1"
      }
    },
    "vue-router": {
      "version": "3.0.6",
      "resolved": "https://registry.npmjs.org/vue-router/-/vue-router-3.0.6.tgz",
      "integrity": "sha512-Ox0ciFLswtSGRTHYhGvx2L44sVbTPNS+uD2kRISuo8B39Y79rOo0Kw0hzupTmiVtftQYCZl87mwldhh2L9Aquw=="
    },
    "vuex": {
      "version": "3.1.1",
      "resolved": "https://registry.npmjs.org/vuex/-/vuex-3.1.1.tgz",
      "integrity": "sha512-ER5moSbLZuNSMBFnEBVGhQ1uCBNJslH9W/Dw2W7GZN23UQA69uapP5GTT9Vm8Trc0PzBSVt6LzF3hGjmv41xcg=="
    },
    "vuex-class": {
      "version": "0.3.2",
      "resolved": "https://registry.npmjs.org/vuex-class/-/vuex-class-0.3.2.tgz",
      "integrity": "sha512-m0w7/FMsNcwJgunJeM+wcNaHzK2KX1K1rw2WUQf7Q16ndXHo7pflRyOV/E8795JO/7fstyjH3EgqBI4h4n4qXQ=="
    }
  }
}
